
Microsoft Visual Studio Solution File, Format Version 12.00
Project("{FAE04EC0-301F-11D3-BF4B-00C04F79EFBC}") = "ControleCondominioAPI", "ControleCondominioAPI\ControleCondominioAPI.csproj", "{AF3BA928-7E4A-46D1-8F7F-A3EF36E4E0E3}"
EndProject
Global
	GlobalSection(SolutionConfigurationPlatforms) = preSolution
		Debug|Any CPU = Debug|Any CPU
		Release|Any CPU = Release|Any CPU
	EndGlobalSection
	GlobalSection(ProjectConfigurationPlatforms) = postSolution
		{AF3BA928-7E4A-46D1-8F7F-A3EF36E4E0E3}.Debug|Any CPU.ActiveCfg = Debug|Any CPU
		{AF3BA928-7E4A-46D1-8F7F-A3EF36E4E0E3}.Debug|Any CPU.Build.0 = Debug|Any CPU
		{AF3BA928-7E4A-46D1-8F7F-A3EF36E4E0E3}.Release|Any CPU.ActiveCfg = Release|Any CPU
		{AF3BA928-7E4A-46D1-8F7F-A3EF36E4E0E3}.Release|Any CPU.Build.0 = Release|Any CPU
	EndGlobalSection
EndGlobal
